// !$*UTF8*$!
{
	archiveVersion = 1;
	classes = {
	};
	objectVersion = 55;
	objects = {

/* Begin PBXBuildFile section */
		98337CE828920CD900F288E8 /* ViewPresentableProtocol.swift in Sources */ = {isa = PBXBuildFile; fileRef = 98337CE728920CD900F288E8 /* ViewPresentableProtocol.swift */; };
		98337CEA2892237C00F288E8 /* LottoViewController.swift in Sources */ = {isa = PBXBuildFile; fileRef = 98337CE92892237C00F288E8 /* LottoViewController.swift */; };
		98337CEC2892307700F288E8 /* TranslationViewController.swift in Sources */ = {isa = PBXBuildFile; fileRef = 98337CEB2892307700F288E8 /* TranslationViewController.swift */; };
		98337CEE28923AA600F288E8 /* WebViewController.swift in Sources */ = {isa = PBXBuildFile; fileRef = 98337CED28923AA600F288E8 /* WebViewController.swift */; };
		984D14082890DD7E0094DF1F /* AppDelegate.swift in Sources */ = {isa = PBXBuildFile; fileRef = 984D14072890DD7E0094DF1F /* AppDelegate.swift */; };
		984D140A2890DD7E0094DF1F /* SceneDelegate.swift in Sources */ = {isa = PBXBuildFile; fileRef = 984D14092890DD7E0094DF1F /* SceneDelegate.swift */; };
		984D140C2890DD7E0094DF1F /* ViewController.swift in Sources */ = {isa = PBXBuildFile; fileRef = 984D140B2890DD7E0094DF1F /* ViewController.swift */; };
		984D140F2890DD7E0094DF1F /* Main.storyboard in Resources */ = {isa = PBXBuildFile; fileRef = 984D140D2890DD7E0094DF1F /* Main.storyboard */; };
		984D14112890DD830094DF1F /* Assets.xcassets in Resources */ = {isa = PBXBuildFile; fileRef = 984D14102890DD830094DF1F /* Assets.xcassets */; };
		984D14142890DD830094DF1F /* LaunchScreen.storyboard in Resources */ = {isa = PBXBuildFile; fileRef = 984D14122890DD830094DF1F /* LaunchScreen.storyboard */; };
		984D141C2890E1F80094DF1F /* SearchViewController.swift in Sources */ = {isa = PBXBuildFile; fileRef = 984D141B2890E1F80094DF1F /* SearchViewController.swift */; };
		984D141E2890E2D90094DF1F /* TableViewController.swift in Sources */ = {isa = PBXBuildFile; fileRef = 984D141D2890E2D90094DF1F /* TableViewController.swift */; };
		984D14232890E4D60094DF1F /* ListTableViewCell.swift in Sources */ = {isa = PBXBuildFile; fileRef = 984D14212890E4D60094DF1F /* ListTableViewCell.swift */; };
		984D14242890E4D60094DF1F /* ListTableViewCell.xib in Resources */ = {isa = PBXBuildFile; fileRef = 984D14222890E4D60094DF1F /* ListTableViewCell.xib */; };
		984E708F2891706800E3225A /* testViewController.swift in Sources */ = {isa = PBXBuildFile; fileRef = 984E708E2891706800E3225A /* testViewController.swift */; };
		984E70942891755600E3225A /* testTableViewCell.swift in Sources */ = {isa = PBXBuildFile; fileRef = 984E70922891755600E3225A /* testTableViewCell.swift */; };
		984E70952891755600E3225A /* testTableViewCell.xib in Resources */ = {isa = PBXBuildFile; fileRef = 984E70932891755600E3225A /* testTableViewCell.xib */; };
		9855301B28977D2400A2A8A4 /* Alamofire in Frameworks */ = {isa = PBXBuildFile; productRef = 9855301A28977D2400A2A8A4 /* Alamofire */; };
		9855301E28977D3900A2A8A4 /* SwiftyJSON in Frameworks */ = {isa = PBXBuildFile; productRef = 9855301D28977D3900A2A8A4 /* SwiftyJSON */; };
		987D28A5289A095C005B5AC3 /* ImageSearchViewController.swift in Sources */ = {isa = PBXBuildFile; fileRef = 987D28A4289A095C005B5AC3 /* ImageSearchViewController.swift */; };
		9883573828941714002006D4 /* GmarketSansTTFBold.ttf in Resources */ = {isa = PBXBuildFile; fileRef = 98835737289416DF002006D4 /* GmarketSansTTFBold.ttf */; };
		9883573928941714002006D4 /* GmarketSansTTFLight.ttf in Resources */ = {isa = PBXBuildFile; fileRef = 98835735289416DF002006D4 /* GmarketSansTTFLight.ttf */; };
		9883573A28941714002006D4 /* GmarketSansTTFMedium.ttf in Resources */ = {isa = PBXBuildFile; fileRef = 98835736289416DF002006D4 /* GmarketSansTTFMedium.ttf */; };
		98A9D4C128980B4C00319ECC /* UILabel+Extension.swift in Sources */ = {isa = PBXBuildFile; fileRef = 98A9D4C028980B4C00319ECC /* UILabel+Extension.swift */; };
		98A9D4C328980CA500319ECC /* BeerRecommendationViewController.swift in Sources */ = {isa = PBXBuildFile; fileRef = 98A9D4C228980CA500319ECC /* BeerRecommendationViewController.swift */; };
		98A9D4C52898BD2900319ECC /* BoxOfficeModel.swift in Sources */ = {isa = PBXBuildFile; fileRef = 98A9D4C42898BD2900319ECC /* BoxOfficeModel.swift */; };
		98C0CDD72897529D00EF08C9 /* ReusableViewProtocol.swift in Sources */ = {isa = PBXBuildFile; fileRef = 98C0CDD62897529D00EF08C9 /* ReusableViewProtocol.swift */; };
		98C0CDDA289757A400EF08C9 /* Constant.swift in Sources */ = {isa = PBXBuildFile; fileRef = 98C0CDD9289757A400EF08C9 /* Constant.swift */; };
		98C0CDDC28975FA400EF08C9 /* UserDefaultsHelper.swift in Sources */ = {isa = PBXBuildFile; fileRef = 98C0CDDB28975FA400EF08C9 /* UserDefaultsHelper.swift */; };
		98D0370228952F1B004C9E3B /* ViewPresentableProtocolViewController.swift in Sources */ = {isa = PBXBuildFile; fileRef = 98D0370128952F1B004C9E3B /* ViewPresentableProtocolViewController.swift */; };
		98D8ABB1289B50A500FE2395 /* JGProgressHUD in Frameworks */ = {isa = PBXBuildFile; productRef = 98D8ABB0289B50A500FE2395 /* JGProgressHUD */; };
		98E0102028993172005B342B /* Kingfisher in Frameworks */ = {isa = PBXBuildFile; productRef = 98E0101F28993172005B342B /* Kingfisher */; };
		98F8806828935DFE00E356F9 /* LocationViewController.swift in Sources */ = {isa = PBXBuildFile; fileRef = 98F8806728935DFE00E356F9 /* LocationViewController.swift */; };
/* End PBXBuildFile section */

/* Begin PBXFileReference section */
		98337CE728920CD900F288E8 /* ViewPresentableProtocol.swift */ = {isa = PBXFileReference; lastKnownFileType = sourcecode.swift; path = ViewPresentableProtocol.swift; sourceTree = "<group>"; };
		98337CE92892237C00F288E8 /* LottoViewController.swift */ = {isa = PBXFileReference; lastKnownFileType = sourcecode.swift; path = LottoViewController.swift; sourceTree = "<group>"; };
		98337CEB2892307700F288E8 /* TranslationViewController.swift */ = {isa = PBXFileReference; lastKnownFileType = sourcecode.swift; path = TranslationViewController.swift; sourceTree = "<group>"; };
		98337CED28923AA600F288E8 /* WebViewController.swift */ = {isa = PBXFileReference; lastKnownFileType = sourcecode.swift; path = WebViewController.swift; sourceTree = "<group>"; };
		984D14042890DD7E0094DF1F /* NetworkBasic.app */ = {isa = PBXFileReference; explicitFileType = wrapper.application; includeInIndex = 0; path = NetworkBasic.app; sourceTree = BUILT_PRODUCTS_DIR; };
		984D14072890DD7E0094DF1F /* AppDelegate.swift */ = {isa = PBXFileReference; lastKnownFileType = sourcecode.swift; path = AppDelegate.swift; sourceTree = "<group>"; };
		984D14092890DD7E0094DF1F /* SceneDelegate.swift */ = {isa = PBXFileReference; lastKnownFileType = sourcecode.swift; path = SceneDelegate.swift; sourceTree = "<group>"; };
		984D140B2890DD7E0094DF1F /* ViewController.swift */ = {isa = PBXFileReference; lastKnownFileType = sourcecode.swift; path = ViewController.swift; sourceTree = "<group>"; };
		984D140E2890DD7E0094DF1F /* Base */ = {isa = PBXFileReference; lastKnownFileType = file.storyboard; name = Base; path = Base.lproj/Main.storyboard; sourceTree = "<group>"; };
		984D14102890DD830094DF1F /* Assets.xcassets */ = {isa = PBXFileReference; lastKnownFileType = folder.assetcatalog; path = Assets.xcassets; sourceTree = "<group>"; };
		984D14132890DD830094DF1F /* Base */ = {isa = PBXFileReference; lastKnownFileType = file.storyboard; name = Base; path = Base.lproj/LaunchScreen.storyboard; sourceTree = "<group>"; };
		984D14152890DD830094DF1F /* Info.plist */ = {isa = PBXFileReference; lastKnownFileType = text.plist.xml; path = Info.plist; sourceTree = "<group>"; };
		984D141B2890E1F80094DF1F /* SearchViewController.swift */ = {isa = PBXFileReference; lastKnownFileType = sourcecode.swift; path = SearchViewController.swift; sourceTree = "<group>"; };
		984D141D2890E2D90094DF1F /* TableViewController.swift */ = {isa = PBXFileReference; lastKnownFileType = sourcecode.swift; path = TableViewController.swift; sourceTree = "<group>"; };
		984D14212890E4D60094DF1F /* ListTableViewCell.swift */ = {isa = PBXFileReference; lastKnownFileType = sourcecode.swift; path = ListTableViewCell.swift; sourceTree = "<group>"; };
		984D14222890E4D60094DF1F /* ListTableViewCell.xib */ = {isa = PBXFileReference; lastKnownFileType = file.xib; path = ListTableViewCell.xib; sourceTree = "<group>"; };
		984E708E2891706800E3225A /* testViewController.swift */ = {isa = PBXFileReference; lastKnownFileType = sourcecode.swift; path = testViewController.swift; sourceTree = "<group>"; };
		984E70922891755600E3225A /* testTableViewCell.swift */ = {isa = PBXFileReference; lastKnownFileType = sourcecode.swift; path = testTableViewCell.swift; sourceTree = "<group>"; };
		984E70932891755600E3225A /* testTableViewCell.xib */ = {isa = PBXFileReference; lastKnownFileType = file.xib; path = testTableViewCell.xib; sourceTree = "<group>"; };
		987D28A4289A095C005B5AC3 /* ImageSearchViewController.swift */ = {isa = PBXFileReference; lastKnownFileType = sourcecode.swift; path = ImageSearchViewController.swift; sourceTree = "<group>"; };
		98835735289416DF002006D4 /* GmarketSansTTFLight.ttf */ = {isa = PBXFileReference; lastKnownFileType = file; name = GmarketSansTTFLight.ttf; path = ../../../../GmarketSansTTF/GmarketSansTTFLight.ttf; sourceTree = "<group>"; };
		98835736289416DF002006D4 /* GmarketSansTTFMedium.ttf */ = {isa = PBXFileReference; lastKnownFileType = file; name = GmarketSansTTFMedium.ttf; path = ../../../../GmarketSansTTF/GmarketSansTTFMedium.ttf; sourceTree = "<group>"; };
		98835737289416DF002006D4 /* GmarketSansTTFBold.ttf */ = {isa = PBXFileReference; lastKnownFileType = file; name = GmarketSansTTFBold.ttf; path = ../../../../GmarketSansTTF/GmarketSansTTFBold.ttf; sourceTree = "<group>"; };
		98A9D4C028980B4C00319ECC /* UILabel+Extension.swift */ = {isa = PBXFileReference; lastKnownFileType = sourcecode.swift; path = "UILabel+Extension.swift"; sourceTree = "<group>"; };
		98A9D4C228980CA500319ECC /* BeerRecommendationViewController.swift */ = {isa = PBXFileReference; lastKnownFileType = sourcecode.swift; path = BeerRecommendationViewController.swift; sourceTree = "<group>"; };
		98A9D4C42898BD2900319ECC /* BoxOfficeModel.swift */ = {isa = PBXFileReference; lastKnownFileType = sourcecode.swift; path = BoxOfficeModel.swift; sourceTree = "<group>"; };
		98C0CDD62897529D00EF08C9 /* ReusableViewProtocol.swift */ = {isa = PBXFileReference; lastKnownFileType = sourcecode.swift; path = ReusableViewProtocol.swift; sourceTree = "<group>"; };
		98C0CDD9289757A400EF08C9 /* Constant.swift */ = {isa = PBXFileReference; lastKnownFileType = sourcecode.swift; path = Constant.swift; sourceTree = "<group>"; };
		98C0CDDB28975FA400EF08C9 /* UserDefaultsHelper.swift */ = {isa = PBXFileReference; lastKnownFileType = sourcecode.swift; path = UserDefaultsHelper.swift; sourceTree = "<group>"; };
		98D0370128952F1B004C9E3B /* ViewPresentableProtocolViewController.swift */ = {isa = PBXFileReference; lastKnownFileType = sourcecode.swift; path = ViewPresentableProtocolViewController.swift; sourceTree = "<group>"; };
		98F8806728935DFE00E356F9 /* LocationViewController.swift */ = {isa = PBXFileReference; lastKnownFileType = sourcecode.swift; path = LocationViewController.swift; sourceTree = "<group>"; };
/* End PBXFileReference section */

/* Begin PBXFrameworksBuildPhase section */
		984D14012890DD7E0094DF1F /* Frameworks */ = {
			isa = PBXFrameworksBuildPhase;
			buildActionMask = 2147483647;
			files = (
				98D8ABB1289B50A500FE2395 /* JGProgressHUD in Frameworks */,
				98E0102028993172005B342B /* Kingfisher in Frameworks */,
				9855301E28977D3900A2A8A4 /* SwiftyJSON in Frameworks */,
				9855301B28977D2400A2A8A4 /* Alamofire in Frameworks */,
			);
			runOnlyForDeploymentPostprocessing = 0;
		};
/* End PBXFrameworksBuildPhase section */

/* Begin PBXGroup section */
		98337CE628920CAA00F288E8 /* Protocol */ = {
			isa = PBXGroup;
			children = (
				98D0370128952F1B004C9E3B /* ViewPresentableProtocolViewController.swift */,
				98337CE728920CD900F288E8 /* ViewPresentableProtocol.swift */,
				98C0CDD62897529D00EF08C9 /* ReusableViewProtocol.swift */,
			);
			path = Protocol;
			sourceTree = "<group>";
		};
		984D13FB2890DD7E0094DF1F = {
			isa = PBXGroup;
			children = (
				987D28A4289A095C005B5AC3 /* ImageSearchViewController.swift */,
				984D14062890DD7E0094DF1F /* NetworkBasic */,
				984D14052890DD7E0094DF1F /* Products */,
			);
			sourceTree = "<group>";
		};
		984D14052890DD7E0094DF1F /* Products */ = {
			isa = PBXGroup;
			children = (
				984D14042890DD7E0094DF1F /* NetworkBasic.app */,
			);
			name = Products;
			sourceTree = "<group>";
		};
		984D14062890DD7E0094DF1F /* NetworkBasic */ = {
			isa = PBXGroup;
			children = (
				98C0CDD82897578400EF08C9 /* Constant */,
				98F88069289385F900E356F9 /* Resources */,
				98337CE92892237C00F288E8 /* LottoViewController.swift */,
				98A9D4C028980B4C00319ECC /* UILabel+Extension.swift */,
				98A9D4C228980CA500319ECC /* BeerRecommendationViewController.swift */,
				98A9D4C42898BD2900319ECC /* BoxOfficeModel.swift */,
				984D14092890DD7E0094DF1F /* SceneDelegate.swift */,
				984D140B2890DD7E0094DF1F /* ViewController.swift */,
				984D140D2890DD7E0094DF1F /* Main.storyboard */,
				98F8806728935DFE00E356F9 /* LocationViewController.swift */,
				98337CED28923AA600F288E8 /* WebViewController.swift */,
				98337CEB2892307700F288E8 /* TranslationViewController.swift */,
				984E70932891755600E3225A /* testTableViewCell.xib */,
				984D141B2890E1F80094DF1F /* SearchViewController.swift */,
				984D14072890DD7E0094DF1F /* AppDelegate.swift */,
				984E70922891755600E3225A /* testTableViewCell.swift */,
				984D14212890E4D60094DF1F /* ListTableViewCell.swift */,
				984D14222890E4D60094DF1F /* ListTableViewCell.xib */,
				984D141D2890E2D90094DF1F /* TableViewController.swift */,
				984E708E2891706800E3225A /* testViewController.swift */,
				984D14102890DD830094DF1F /* Assets.xcassets */,
				984D14122890DD830094DF1F /* LaunchScreen.storyboard */,
				984D14152890DD830094DF1F /* Info.plist */,
			);
			path = NetworkBasic;
			sourceTree = "<group>";
		};
		98C0CDD82897578400EF08C9 /* Constant */ = {
			isa = PBXGroup;
			children = (
				98C0CDD9289757A400EF08C9 /* Constant.swift */,
				98C0CDDB28975FA400EF08C9 /* UserDefaultsHelper.swift */,
				98337CE628920CAA00F288E8 /* Protocol */,
			);
			path = Constant;
			sourceTree = "<group>";
		};
		98F88069289385F900E356F9 /* Resources */ = {
			isa = PBXGroup;
			children = (
				98835737289416DF002006D4 /* GmarketSansTTFBold.ttf */,
				98835735289416DF002006D4 /* GmarketSansTTFLight.ttf */,
				98835736289416DF002006D4 /* GmarketSansTTFMedium.ttf */,
			);
			path = Resources;
			sourceTree = "<group>";
		};
/* End PBXGroup section */

/* Begin PBXNativeTarget section */
		984D14032890DD7E0094DF1F /* NetworkBasic */ = {
			isa = PBXNativeTarget;
			buildConfigurationList = 984D14182890DD830094DF1F /* Build configuration list for PBXNativeTarget "NetworkBasic" */;
			buildPhases = (
				984D14002890DD7E0094DF1F /* Sources */,
				984D14012890DD7E0094DF1F /* Frameworks */,
				984D14022890DD7E0094DF1F /* Resources */,
			);
			buildRules = (
			);
			dependencies = (
			);
			name = NetworkBasic;
			packageProductDependencies = (
				9855301A28977D2400A2A8A4 /* Alamofire */,
				9855301D28977D3900A2A8A4 /* SwiftyJSON */,
				98E0101F28993172005B342B /* Kingfisher */,
				98D8ABB0289B50A500FE2395 /* JGProgressHUD */,
			);
			productName = NetworkBasic;
			productReference = 984D14042890DD7E0094DF1F /* NetworkBasic.app */;
			productType = "com.apple.product-type.application";
		};
/* End PBXNativeTarget section */

/* Begin PBXProject section */
		984D13FC2890DD7E0094DF1F /* Project object */ = {
			isa = PBXProject;
			attributes = {
				BuildIndependentTargetsInParallel = 1;
				LastSwiftUpdateCheck = 1330;
				LastUpgradeCheck = 1330;
				TargetAttributes = {
					984D14032890DD7E0094DF1F = {
						CreatedOnToolsVersion = 13.3.1;
					};
				};
			};
			buildConfigurationList = 984D13FF2890DD7E0094DF1F /* Build configuration list for PBXProject "NetworkBasic" */;
			compatibilityVersion = "Xcode 13.0";
			developmentRegion = en;
			hasScannedForEncodings = 0;
			knownRegions = (
				en,
				Base,
			);
			mainGroup = 984D13FB2890DD7E0094DF1F;
			packageReferences = (
				9855301928977D2400A2A8A4 /* XCRemoteSwiftPackageReference "Alamofire" */,
				9855301C28977D3900A2A8A4 /* XCRemoteSwiftPackageReference "SwiftyJSON" */,
				98E0101E28993172005B342B /* XCRemoteSwiftPackageReference "Kingfisher" */,
				98D8ABAF289B50A500FE2395 /* XCRemoteSwiftPackageReference "JGProgressHUD" */,
			);
			productRefGroup = 984D14052890DD7E0094DF1F /* Products */;
			projectDirPath = "";
			projectRoot = "";
			targets = (
				984D14032890DD7E0094DF1F /* NetworkBasic */,
			);
		};
/* End PBXProject section */

/* Begin PBXResourcesBuildPhase section */
		984D14022890DD7E0094DF1F /* Resources */ = {
			isa = PBXResourcesBuildPhase;
			buildActionMask = 2147483647;
			files = (
				9883573828941714002006D4 /* GmarketSansTTFBold.ttf in Resources */,
				9883573928941714002006D4 /* GmarketSansTTFLight.ttf in Resources */,
				9883573A28941714002006D4 /* GmarketSansTTFMedium.ttf in Resources */,
				984E70952891755600E3225A /* testTableViewCell.xib in Resources */,
				984D14142890DD830094DF1F /* LaunchScreen.storyboard in Resources */,
				984D14242890E4D60094DF1F /* ListTableViewCell.xib in Resources */,
				984D14112890DD830094DF1F /* Assets.xcassets in Resources */,
				984D140F2890DD7E0094DF1F /* Main.storyboard in Resources */,
			);
			runOnlyForDeploymentPostprocessing = 0;
		};
/* End PBXResourcesBuildPhase section */

/* Begin PBXSourcesBuildPhase section */
		984D14002890DD7E0094DF1F /* Sources */ = {
			isa = PBXSourcesBuildPhase;
			buildActionMask = 2147483647;
			files = (
				984D140C2890DD7E0094DF1F /* ViewController.swift in Sources */,
				98337CEC2892307700F288E8 /* TranslationViewController.swift in Sources */,
				984D14082890DD7E0094DF1F /* AppDelegate.swift in Sources */,
				98A9D4C328980CA500319ECC /* BeerRecommendationViewController.swift in Sources */,
				98C0CDDA289757A400EF08C9 /* Constant.swift in Sources */,
				98D0370228952F1B004C9E3B /* ViewPresentableProtocolViewController.swift in Sources */,
				984E708F2891706800E3225A /* testViewController.swift in Sources */,
				984D141C2890E1F80094DF1F /* SearchViewController.swift in Sources */,
				984D141E2890E2D90094DF1F /* TableViewController.swift in Sources */,
				98A9D4C128980B4C00319ECC /* UILabel+Extension.swift in Sources */,
				98337CEA2892237C00F288E8 /* LottoViewController.swift in Sources */,
				98F8806828935DFE00E356F9 /* LocationViewController.swift in Sources */,
				98337CEE28923AA600F288E8 /* WebViewController.swift in Sources */,
				98A9D4C52898BD2900319ECC /* BoxOfficeModel.swift in Sources */,
				984E70942891755600E3225A /* testTableViewCell.swift in Sources */,
				98C0CDDC28975FA400EF08C9 /* UserDefaultsHelper.swift in Sources */,
				98C0CDD72897529D00EF08C9 /* ReusableViewProtocol.swift in Sources */,
				987D28A5289A095C005B5AC3 /* ImageSearchViewController.swift in Sources */,
				984D140A2890DD7E0094DF1F /* SceneDelegate.swift in Sources */,
				98337CE828920CD900F288E8 /* ViewPresentableProtocol.swift in Sources */,
				984D14232890E4D60094DF1F /* ListTableViewCell.swift in Sources */,
			);
			runOnlyForDeploymentPostprocessing = 0;
		};
/* End PBXSourcesBuildPhase section */

/* Begin PBXVariantGroup section */
		984D140D2890DD7E0094DF1F /* Main.storyboard */ = {
			isa = PBXVariantGroup;
			children = (
				984D140E2890DD7E0094DF1F /* Base */,
			);
			name = Main.storyboard;
			sourceTree = "<group>";
		};
		984D14122890DD830094DF1F /* LaunchScreen.storyboard */ = {
			isa = PBXVariantGroup;
			children = (
				984D14132890DD830094DF1F /* Base */,
			);
			name = LaunchScreen.storyboard;
			sourceTree = "<group>";
		};
/* End PBXVariantGroup section */

/* Begin XCBuildConfiguration section */
		984D14162890DD830094DF1F /* Debug */ = {
			isa = XCBuildConfiguration;
			buildSettings = {
				ALWAYS_SEARCH_USER_PATHS = NO;
				CLANG_ANALYZER_NONNULL = YES;
				CLANG_ANALYZER_NUMBER_OBJECT_CONVERSION = YES_AGGRESSIVE;
				CLANG_CXX_LANGUAGE_STANDARD = "gnu++17";
				CLANG_ENABLE_MODULES = YES;
				CLANG_ENABLE_OBJC_ARC = YES;
				CLANG_ENABLE_OBJC_WEAK = YES;
				CLANG_WARN_BLOCK_CAPTURE_AUTORELEASING = YES;
				CLANG_WARN_BOOL_CONVERSION = YES;
				CLANG_WARN_COMMA = YES;
				CLANG_WARN_CONSTANT_CONVERSION = YES;
				CLANG_WARN_DEPRECATED_OBJC_IMPLEMENTATIONS = YES;
				CLANG_WARN_DIRECT_OBJC_ISA_USAGE = YES_ERROR;
				CLANG_WARN_DOCUMENTATION_COMMENTS = YES;
				CLANG_WARN_EMPTY_BODY = YES;
				CLANG_WARN_ENUM_CONVERSION = YES;
				CLANG_WARN_INFINITE_RECURSION = YES;
				CLANG_WARN_INT_CONVERSION = YES;
				CLANG_WARN_NON_LITERAL_NULL_CONVERSION = YES;
				CLANG_WARN_OBJC_IMPLICIT_RETAIN_SELF = YES;
				CLANG_WARN_OBJC_LITERAL_CONVERSION = YES;
				CLANG_WARN_OBJC_ROOT_CLASS = YES_ERROR;
				CLANG_WARN_QUOTED_INCLUDE_IN_FRAMEWORK_HEADER = YES;
				CLANG_WARN_RANGE_LOOP_ANALYSIS = YES;
				CLANG_WARN_STRICT_PROTOTYPES = YES;
				CLANG_WARN_SUSPICIOUS_MOVE = YES;
				CLANG_WARN_UNGUARDED_AVAILABILITY = YES_AGGRESSIVE;
				CLANG_WARN_UNREACHABLE_CODE = YES;
				CLANG_WARN__DUPLICATE_METHOD_MATCH = YES;
				COPY_PHASE_STRIP = NO;
				DEBUG_INFORMATION_FORMAT = dwarf;
				ENABLE_STRICT_OBJC_MSGSEND = YES;
				ENABLE_TESTABILITY = YES;
				GCC_C_LANGUAGE_STANDARD = gnu11;
				GCC_DYNAMIC_NO_PIC = NO;
				GCC_NO_COMMON_BLOCKS = YES;
				GCC_OPTIMIZATION_LEVEL = 0;
				GCC_PREPROCESSOR_DEFINITIONS = (
					"DEBUG=1",
					"$(inherited)",
				);
				GCC_WARN_64_TO_32_BIT_CONVERSION = YES;
				GCC_WARN_ABOUT_RETURN_TYPE = YES_ERROR;
				GCC_WARN_UNDECLARED_SELECTOR = YES;
				GCC_WARN_UNINITIALIZED_AUTOS = YES_AGGRESSIVE;
				GCC_WARN_UNUSED_FUNCTION = YES;
				GCC_WARN_UNUSED_VARIABLE = YES;
				IPHONEOS_DEPLOYMENT_TARGET = 15.4;
				MTL_ENABLE_DEBUG_INFO = INCLUDE_SOURCE;
				MTL_FAST_MATH = YES;
				ONLY_ACTIVE_ARCH = YES;
				SDKROOT = iphoneos;
				SWIFT_ACTIVE_COMPILATION_CONDITIONS = DEBUG;
				SWIFT_OPTIMIZATION_LEVEL = "-Onone";
			};
			name = Debug;
		};
		984D14172890DD830094DF1F /* Release */ = {
			isa = XCBuildConfiguration;
			buildSettings = {
				ALWAYS_SEARCH_USER_PATHS = NO;
				CLANG_ANALYZER_NONNULL = YES;
				CLANG_ANALYZER_NUMBER_OBJECT_CONVERSION = YES_AGGRESSIVE;
				CLANG_CXX_LANGUAGE_STANDARD = "gnu++17";
				CLANG_ENABLE_MODULES = YES;
				CLANG_ENABLE_OBJC_ARC = YES;
				CLANG_ENABLE_OBJC_WEAK = YES;
				CLANG_WARN_BLOCK_CAPTURE_AUTORELEASING = YES;
				CLANG_WARN_BOOL_CONVERSION = YES;
				CLANG_WARN_COMMA = YES;
				CLANG_WARN_CONSTANT_CONVERSION = YES;
				CLANG_WARN_DEPRECATED_OBJC_IMPLEMENTATIONS = YES;
				CLANG_WARN_DIRECT_OBJC_ISA_USAGE = YES_ERROR;
				CLANG_WARN_DOCUMENTATION_COMMENTS = YES;
				CLANG_WARN_EMPTY_BODY = YES;
				CLANG_WARN_ENUM_CONVERSION = YES;
				CLANG_WARN_INFINITE_RECURSION = YES;
				CLANG_WARN_INT_CONVERSION = YES;
				CLANG_WARN_NON_LITERAL_NULL_CONVERSION = YES;
				CLANG_WARN_OBJC_IMPLICIT_RETAIN_SELF = YES;
				CLANG_WARN_OBJC_LITERAL_CONVERSION = YES;
				CLANG_WARN_OBJC_ROOT_CLASS = YES_ERROR;
				CLANG_WARN_QUOTED_INCLUDE_IN_FRAMEWORK_HEADER = YES;
				CLANG_WARN_RANGE_LOOP_ANALYSIS = YES;
				CLANG_WARN_STRICT_PROTOTYPES = YES;
				CLANG_WARN_SUSPICIOUS_MOVE = YES;
				CLANG_WARN_UNGUARDED_AVAILABILITY = YES_AGGRESSIVE;
				CLANG_WARN_UNREACHABLE_CODE = YES;
				CLANG_WARN__DUPLICATE_METHOD_MATCH = YES;
				COPY_PHASE_STRIP = NO;
				DEBUG_INFORMATION_FORMAT = "dwarf-with-dsym";
				ENABLE_NS_ASSERTIONS = NO;
				ENABLE_STRICT_OBJC_MSGSEND = YES;
				GCC_C_LANGUAGE_STANDARD = gnu11;
				GCC_NO_COMMON_BLOCKS = YES;
				GCC_WARN_64_TO_32_BIT_CONVERSION = YES;
				GCC_WARN_ABOUT_RETURN_TYPE = YES_ERROR;
				GCC_WARN_UNDECLARED_SELECTOR = YES;
				GCC_WARN_UNINITIALIZED_AUTOS = YES_AGGRESSIVE;
				GCC_WARN_UNUSED_FUNCTION = YES;
				GCC_WARN_UNUSED_VARIABLE = YES;
				IPHONEOS_DEPLOYMENT_TARGET = 15.4;
				MTL_ENABLE_DEBUG_INFO = NO;
				MTL_FAST_MATH = YES;
				SDKROOT = iphoneos;
				SWIFT_COMPILATION_MODE = wholemodule;
				SWIFT_OPTIMIZATION_LEVEL = "-O";
				VALIDATE_PRODUCT = YES;
			};
			name = Release;
		};
		984D14192890DD830094DF1F /* Debug */ = {
			isa = XCBuildConfiguration;
			buildSettings = {
				ASSETCATALOG_COMPILER_APPICON_NAME = AppIcon;
				ASSETCATALOG_COMPILER_GLOBAL_ACCENT_COLOR_NAME = AccentColor;
				CODE_SIGN_STYLE = Automatic;
				CURRENT_PROJECT_VERSION = 1;
				GENERATE_INFOPLIST_FILE = YES;
				INFOPLIST_FILE = NetworkBasic/Info.plist;
				INFOPLIST_KEY_UIApplicationSupportsIndirectInputEvents = YES;
				INFOPLIST_KEY_UILaunchStoryboardName = LaunchScreen;
				INFOPLIST_KEY_UIMainStoryboardFile = Main;
				INFOPLIST_KEY_UISupportedInterfaceOrientations_iPad = "UIInterfaceOrientationPortrait UIInterfaceOrientationPortraitUpsideDown UIInterfaceOrientationLandscapeLeft UIInterfaceOrientationLandscapeRight";
				INFOPLIST_KEY_UISupportedInterfaceOrientations_iPhone = "UIInterfaceOrientationPortrait UIInterfaceOrientationLandscapeLeft UIInterfaceOrientationLandscapeRight";
				LD_RUNPATH_SEARCH_PATHS = (
					"$(inherited)",
					"@executable_path/Frameworks",
				);
				MARKETING_VERSION = 1.0;
				PRODUCT_BUNDLE_IDENTIFIER = com.taehwan.NetworkBasic;
				PRODUCT_NAME = "$(TARGET_NAME)";
				SWIFT_EMIT_LOC_STRINGS = YES;
				SWIFT_VERSION = 5.0;
				TARGETED_DEVICE_FAMILY = "1,2";
			};
			name = Debug;
		};
		984D141A2890DD830094DF1F /* Release */ = {
			isa = XCBuildConfiguration;
			buildSettings = {
				ASSETCATALOG_COMPILER_APPICON_NAME = AppIcon;
				ASSETCATALOG_COMPILER_GLOBAL_ACCENT_COLOR_NAME = AccentColor;
				CODE_SIGN_STYLE = Automatic;
				CURRENT_PROJECT_VERSION = 1;
				GENERATE_INFOPLIST_FILE = YES;
				INFOPLIST_FILE = NetworkBasic/Info.plist;
				INFOPLIST_KEY_UIApplicationSupportsIndirectInputEvents = YES;
				INFOPLIST_KEY_UILaunchStoryboardName = LaunchScreen;
				INFOPLIST_KEY_UIMainStoryboardFile = Main;
				INFOPLIST_KEY_UISupportedInterfaceOrientations_iPad = "UIInterfaceOrientationPortrait UIInterfaceOrientationPortraitUpsideDown UIInterfaceOrientationLandscapeLeft UIInterfaceOrientationLandscapeRight";
				INFOPLIST_KEY_UISupportedInterfaceOrientations_iPhone = "UIInterfaceOrientationPortrait UIInterfaceOrientationLandscapeLeft UIInterfaceOrientationLandscapeRight";
				LD_RUNPATH_SEARCH_PATHS = (
					"$(inherited)",
					"@executable_path/Frameworks",
				);
				MARKETING_VERSION = 1.0;
				PRODUCT_BUNDLE_IDENTIFIER = com.taehwan.NetworkBasic;
				PRODUCT_NAME = "$(TARGET_NAME)";
				SWIFT_EMIT_LOC_STRINGS = YES;
				SWIFT_VERSION = 5.0;
				TARGETED_DEVICE_FAMILY = "1,2";
			};
			name = Release;
		};
/* End XCBuildConfiguration section */

/* Begin XCConfigurationList section */
		984D13FF2890DD7E0094DF1F /* Build configuration list for PBXProject "NetworkBasic" */ = {
			isa = XCConfigurationList;
			buildConfigurations = (
				984D14162890DD830094DF1F /* Debug */,
				984D14172890DD830094DF1F /* Release */,
			);
			defaultConfigurationIsVisible = 0;
			defaultConfigurationName = Release;
		};
		984D14182890DD830094DF1F /* Build configuration list for PBXNativeTarget "NetworkBasic" */ = {
			isa = XCConfigurationList;
			buildConfigurations = (
				984D14192890DD830094DF1F /* Debug */,
				984D141A2890DD830094DF1F /* Release */,
			);
			defaultConfigurationIsVisible = 0;
			defaultConfigurationName = Release;
		};
/* End XCConfigurationList section */

/* Begin XCRemoteSwiftPackageReference section */
		9855301928977D2400A2A8A4 /* XCRemoteSwiftPackageReference "Alamofire" */ = {
			isa = XCRemoteSwiftPackageReference;
			repositoryURL = "https://github.com/Alamofire/Alamofire.git";
			requirement = {
				kind = upToNextMajorVersion;
				minimumVersion = 5.0.0;
			};
		};
		9855301C28977D3900A2A8A4 /* XCRemoteSwiftPackageReference "SwiftyJSON" */ = {
			isa = XCRemoteSwiftPackageReference;
			repositoryURL = "https://github.com/SwiftyJSON/SwiftyJSON.git";
			requirement = {
				kind = upToNextMajorVersion;
				minimumVersion = 5.0.0;
			};
		};
		98D8ABAF289B50A500FE2395 /* XCRemoteSwiftPackageReference "JGProgressHUD" */ = {
			isa = XCRemoteSwiftPackageReference;
			repositoryURL = "https://github.com/JonasGessner/JGProgressHUD.git";
			requirement = {
				kind = upToNextMajorVersion;
				minimumVersion = 2.0.0;
			};
		};
		98E0101E28993172005B342B /* XCRemoteSwiftPackageReference "Kingfisher" */ = {
			isa = XCRemoteSwiftPackageReference;
			repositoryURL = "https://github.com/onevcat/Kingfisher.git";
			requirement = {
				kind = upToNextMajorVersion;
				minimumVersion = 7.0.0;
			};
		};
/* End XCRemoteSwiftPackageReference section */

/* Begin XCSwiftPackageProductDependency section */
		9855301A28977D2400A2A8A4 /* Alamofire */ = {
			isa = XCSwiftPackageProductDependency;
			package = 9855301928977D2400A2A8A4 /* XCRemoteSwiftPackageReference "Alamofire" */;
			productName = Alamofire;
		};
		9855301D28977D3900A2A8A4 /* SwiftyJSON */ = {
			isa = XCSwiftPackageProductDependency;
			package = 9855301C28977D3900A2A8A4 /* XCRemoteSwiftPackageReference "SwiftyJSON" */;
			productName = SwiftyJSON;
		};
		98D8ABB0289B50A500FE2395 /* JGProgressHUD */ = {
			isa = XCSwiftPackageProductDependency;
			package = 98D8ABAF289B50A500FE2395 /* XCRemoteSwiftPackageReference "JGProgressHUD" */;
			productName = JGProgressHUD;
		};
		98E0101F28993172005B342B /* Kingfisher */ = {
			isa = XCSwiftPackageProductDependency;
			package = 98E0101E28993172005B342B /* XCRemoteSwiftPackageReference "Kingfisher" */;
			productName = Kingfisher;
		};
/* End XCSwiftPackageProductDependency section */
	};
	rootObject = 984D13FC2890DD7E0094DF1F /* Project object */;
}
